// !$*UTF8*$!
{
	archiveVersion = 1;
	classes = {
	};
	objectVersion = 48;
	objects = {

/* Begin PBXBuildFile section */
		22EE53501FD588BA000A4DFD /* AppDelegate.swift in Sources */ = {isa = PBXBuildFile; fileRef = 22EE534F1FD588BA000A4DFD /* AppDelegate.swift */; };
		22EE53521FD588BA000A4DFD /* ViewController.swift in Sources */ = {isa = PBXBuildFile; fileRef = 22EE53511FD588BA000A4DFD /* ViewController.swift */; };
		22EE53551FD588BA000A4DFD /* Main.storyboard in Resources */ = {isa = PBXBuildFile; fileRef = 22EE53531FD588BA000A4DFD /* Main.storyboard */; };
		22EE53571FD588BA000A4DFD /* Assets.xcassets in Resources */ = {isa = PBXBuildFile; fileRef = 22EE53561FD588BA000A4DFD /* Assets.xcassets */; };
		22EE535A1FD588BA000A4DFD /* LaunchScreen.storyboard in Resources */ = {isa = PBXBuildFile; fileRef = 22EE53581FD588BA000A4DFD /* LaunchScreen.storyboard */; };
		22EE53651FD588BA000A4DFD /* testappTests.swift in Sources */ = {isa = PBXBuildFile; fileRef = 22EE53641FD588BA000A4DFD /* testappTests.swift */; };
		22EE53701FD588BA000A4DFD /* testappUITests.swift in Sources */ = {isa = PBXBuildFile; fileRef = 22EE536F1FD588BA000A4DFD /* testappUITests.swift */; };
/* End PBXBuildFile section */

/* Begin PBXContainerItemProxy section */
		22EE53611FD588BA000A4DFD /* PBXContainerItemProxy */ = {
			isa = PBXContainerItemProxy;
			containerPortal = 22EE53441FD588BA000A4DFD /* Project object */;
			proxyType = 1;
			remoteGlobalIDString = 22EE534B1FD588BA000A4DFD;
			remoteInfo = testapp;
		};
		22EE536C1FD588BA000A4DFD /* PBXContainerItemProxy */ = {
			isa = PBXContainerItemProxy;
			containerPortal = 22EE53441FD588BA000A4DFD /* Project object */;
			proxyType = 1;
			remoteGlobalIDString = 22EE534B1FD588BA000A4DFD;
			remoteInfo = testapp;
		};
/* End PBXContainerItemProxy section */

/* Begin PBXFileReference section */
		22EE534C1FD588BA000A4DFD /* testapp.app */ = {isa = PBXFileReference; explicitFileType = wrapper.application; includeInIndex = 0; path = testapp.app; sourceTree = BUILT_PRODUCTS_DIR; };
		22EE534F1FD588BA000A4DFD /* AppDelegate.swift */ = {isa = PBXFileReference; lastKnownFileType = sourcecode.swift; path = AppDelegate.swift; sourceTree = "<group>"; };
		22EE53511FD588BA000A4DFD /* ViewController.swift */ = {isa = PBXFileReference; lastKnownFileType = sourcecode.swift; path = ViewController.swift; sourceTree = "<group>"; };
		22EE53541FD588BA000A4DFD /* Base */ = {isa = PBXFileReference; lastKnownFileType = file.storyboard; name = Base; path = Base.lproj/Main.storyboard; sourceTree = "<group>"; };
		22EE53561FD588BA000A4DFD /* Assets.xcassets */ = {isa = PBXFileReference; lastKnownFileType = folder.assetcatalog; path = Assets.xcassets; sourceTree = "<group>"; };
		22EE53591FD588BA000A4DFD /* Base */ = {isa = PBXFileReference; lastKnownFileType = file.storyboard; name = Base; path = Base.lproj/LaunchScreen.storyboard; sourceTree = "<group>"; };
		22EE535B1FD588BA000A4DFD /* Info.plist */ = {isa = PBXFileReference; lastKnownFileType = text.plist.xml; path = Info.plist; sourceTree = "<group>"; };
		22EE53601FD588BA000A4DFD /* testappTests.xctest */ = {isa = PBXFileReference; explicitFileType = wrapper.cfbundle; includeInIndex = 0; path = testappTests.xctest; sourceTree = BUILT_PRODUCTS_DIR; };
		22EE53641FD588BA000A4DFD /* testappTests.swift */ = {isa = PBXFileReference; lastKnownFileType = sourcecode.swift; path = testappTests.swift; sourceTree = "<group>"; };
		22EE53661FD588BA000A4DFD /* Info.plist */ = {isa = PBXFileReference; lastKnownFileType = text.plist.xml; path = Info.plist; sourceTree = "<group>"; };
		22EE536B1FD588BA000A4DFD /* testappUITests.xctest */ = {isa = PBXFileReference; explicitFileType = wrapper.cfbundle; includeInIndex = 0; path = testappUITests.xctest; sourceTree = BUILT_PRODUCTS_DIR; };
		22EE536F1FD588BA000A4DFD /* testappUITests.swift */ = {isa = PBXFileReference; lastKnownFileType = sourcecode.swift; path = testappUITests.swift; sourceTree = "<group>"; };
		22EE53711FD588BA000A4DFD /* Info.plist */ = {isa = PBXFileReference; lastKnownFileType = text.plist.xml; path = Info.plist; sourceTree = "<group>"; };
/* End PBXFileReference section */

/* Begin PBXFrameworksBuildPhase section */
		22EE53491FD588BA000A4DFD /* Frameworks */ = {
			isa = PBXFrameworksBuildPhase;
			buildActionMask = 2147483647;
			files = (
			);
			runOnlyForDeploymentPostprocessing = 0;
		};
		22EE535D1FD588BA000A4DFD /* Frameworks */ = {
			isa = PBXFrameworksBuildPhase;
			buildActionMask = 2147483647;
			files = (
			);
			runOnlyForDeploymentPostprocessing = 0;
		};
		22EE53681FD588BA000A4DFD /* Frameworks */ = {
			isa = PBXFrameworksBuildPhase;
			buildActionMask = 2147483647;
			files = (
			);
			runOnlyForDeploymentPostprocessing = 0;
		};
/* End PBXFrameworksBuildPhase section */

/* Begin PBXGroup section */
		22EE53431FD588BA000A4DFD = {
			isa = PBXGroup;
			children = (
				22EE534E1FD588BA000A4DFD /* testapp */,
				22EE53631FD588BA000A4DFD /* testappTests */,
				22EE536E1FD588BA000A4DFD /* testappUITests */,
				22EE534D1FD588BA000A4DFD /* Products */,
			);
			sourceTree = "<group>";
		};
		22EE534D1FD588BA000A4DFD /* Products */ = {
			isa = PBXGroup;
			children = (
				22EE534C1FD588BA000A4DFD /* testapp.app */,
				22EE53601FD588BA000A4DFD /* testappTests.xctest */,
				22EE536B1FD588BA000A4DFD /* testappUITests.xctest */,
			);
			name = Products;
			sourceTree = "<group>";
		};
		22EE534E1FD588BA000A4DFD /* testapp */ = {
			isa = PBXGroup;
			children = (
				22EE534F1FD588BA000A4DFD /* AppDelegate.swift */,
				22EE53511FD588BA000A4DFD /* ViewController.swift */,
				22EE53531FD588BA000A4DFD /* Main.storyboard */,
				22EE53561FD588BA000A4DFD /* Assets.xcassets */,
				22EE53581FD588BA000A4DFD /* LaunchScreen.storyboard */,
				22EE535B1FD588BA000A4DFD /* Info.plist */,
			);
			path = testapp;
			sourceTree = "<group>";
		};
		22EE53631FD588BA000A4DFD /* testappTests */ = {
			isa = PBXGroup;
			children = (
				22EE53641FD588BA000A4DFD /* testappTests.swift */,
				22EE53661FD588BA000A4DFD /* Info.plist */,
			);
			path = testappTests;
			sourceTree = "<group>";
		};
		22EE536E1FD588BA000A4DFD /* testappUITests */ = {
			isa = PBXGroup;
			children = (
				22EE536F1FD588BA000A4DFD /* testappUITests.swift */,
				22EE53711FD588BA000A4DFD /* Info.plist */,
			);
			path = testappUITests;
			sourceTree = "<group>";
		};
/* End PBXGroup section */

/* Begin PBXNativeTarget section */
		22EE534B1FD588BA000A4DFD /* testapp */ = {
			isa = PBXNativeTarget;
			buildConfigurationList = 22EE53741FD588BA000A4DFD /* Build configuration list for PBXNativeTarget "testapp" */;
			buildPhases = (
				22EE53481FD588BA000A4DFD /* Sources */,
				22EE53491FD588BA000A4DFD /* Frameworks */,
				22EE534A1FD588BA000A4DFD /* Resources */,
			);
			buildRules = (
			);
			dependencies = (
			);
			name = testapp;
			productName = testapp;
			productReference = 22EE534C1FD588BA000A4DFD /* testapp.app */;
			productType = "com.apple.product-type.application";
		};
		22EE535F1FD588BA000A4DFD /* testappTests */ = {
			isa = PBXNativeTarget;
			buildConfigurationList = 22EE53771FD588BA000A4DFD /* Build configuration list for PBXNativeTarget "testappTests" */;
			buildPhases = (
				22EE535C1FD588BA000A4DFD /* Sources */,
				22EE535D1FD588BA000A4DFD /* Frameworks */,
				22EE535E1FD588BA000A4DFD /* Resources */,
			);
			buildRules = (
			);
			dependencies = (
				22EE53621FD588BA000A4DFD /* PBXTargetDependency */,
			);
			name = testappTests;
			productName = testappTests;
			productReference = 22EE53601FD588BA000A4DFD /* testappTests.xctest */;
			productType = "com.apple.product-type.bundle.unit-test";
		};
		22EE536A1FD588BA000A4DFD /* testappUITests */ = {
			isa = PBXNativeTarget;
			buildConfigurationList = 22EE537A1FD588BA000A4DFD /* Build configuration list for PBXNativeTarget "testappUITests" */;
			buildPhases = (
				22EE53671FD588BA000A4DFD /* Sources */,
				22EE53681FD588BA000A4DFD /* Frameworks */,
				22EE53691FD588BA000A4DFD /* Resources */,
			);
			buildRules = (
			);
			dependencies = (
				22EE536D1FD588BA000A4DFD /* PBXTargetDependency */,
			);
			name = testappUITests;
			productName = testappUITests;
			productReference = 22EE536B1FD588BA000A4DFD /* testappUITests.xctest */;
			productType = "com.apple.product-type.bundle.ui-testing";
		};
/* End PBXNativeTarget section */

/* Begin PBXProject section */
		22EE53441FD588BA000A4DFD /* Project object */ = {
			isa = PBXProject;
			attributes = {
				LastSwiftUpdateCheck = 0910;
				LastUpgradeCheck = 0910;
				ORGANIZATIONNAME = "Spierings Mobile Cranes";
				TargetAttributes = {
					22EE534B1FD588BA000A4DFD = {
						CreatedOnToolsVersion = 9.1;
						ProvisioningStyle = Automatic;
					};
					22EE535F1FD588BA000A4DFD = {
						CreatedOnToolsVersion = 9.1;
						ProvisioningStyle = Automatic;
						TestTargetID = 22EE534B1FD588BA000A4DFD;
					};
					22EE536A1FD588BA000A4DFD = {
						CreatedOnToolsVersion = 9.1;
						ProvisioningStyle = Automatic;
						TestTargetID = 22EE534B1FD588BA000A4DFD;
					};
				};
			};
			buildConfigurationList = 22EE53471FD588BA000A4DFD /* Build configuration list for PBXProject "testapp" */;
			compatibilityVersion = "Xcode 8.0";
			developmentRegion = en;
			hasScannedForEncodings = 0;
			knownRegions = (
				en,
				Base,
			);
			mainGroup = 22EE53431FD588BA000A4DFD;
			productRefGroup = 22EE534D1FD588BA000A4DFD /* Products */;
			projectDirPath = "";
			projectRoot = "";
			targets = (
				22EE534B1FD588BA000A4DFD /* testapp */,
				22EE535F1FD588BA000A4DFD /* testappTests */,
				22EE536A1FD588BA000A4DFD /* testappUITests */,
			);
		};
/* End PBXProject section */

/* Begin PBXResourcesBuildPhase section */
		22EE534A1FD588BA000A4DFD /* Resources */ = {
			isa = PBXResourcesBuildPhase;
			buildActionMask = 2147483647;
			files = (
				22EE535A1FD588BA000A4DFD /* LaunchScreen.storyboard in Resources */,
				22EE53571FD588BA000A4DFD /* Assets.xcassets in Resources */,
				22EE53551FD588BA000A4DFD /* Main.storyboard in Resources */,
			);
			runOnlyForDeploymentPostprocessing = 0;
		};
		22EE535E1FD588BA000A4DFD /* Resources */ = {
			isa = PBXResourcesBuildPhase;
			buildActionMask = 2147483647;
			files = (
			);
			runOnlyForDeploymentPostprocessing = 0;
		};
		22EE53691FD588BA000A4DFD /* Resources */ = {
			isa = PBXResourcesBuildPhase;
			buildActionMask = 2147483647;
			files = (
			);
			runOnlyForDeploymentPostprocessing = 0;
		};
/* End PBXResourcesBuildPhase section */

/* Begin PBXSourcesBuildPhase section */
		22EE53481FD588BA000A4DFD /* Sources */ = {
			isa = PBXSourcesBuildPhase;
			buildActionMask = 2147483647;
			files = (
				22EE53521FD588BA000A4DFD /* ViewController.swift in Sources */,
				22EE53501FD588BA000A4DFD /* AppDelegate.swift in Sources */,
			);
			runOnlyForDeploymentPostprocessing = 0;
		};
		22EE535C1FD588BA000A4DFD /* Sources */ = {
			isa = PBXSourcesBuildPhase;
			buildActionMask = 2147483647;
			files = (
				22EE53651FD588BA000A4DFD /* testappTests.swift in Sources */,
			);
			runOnlyForDeploymentPostprocessing = 0;
		};
		22EE53671FD588BA000A4DFD /* Sources */ = {
			isa = PBXSourcesBuildPhase;
			buildActionMask = 2147483647;
			files = (
				22EE53701FD588BA000A4DFD /* testappUITests.swift in Sources */,
			);
			runOnlyForDeploymentPostprocessing = 0;
		};
/* End PBXSourcesBuildPhase section */

/* Begin PBXTargetDependency section */
		22EE53621FD588BA000A4DFD /* PBXTargetDependency */ = {
			isa = PBXTargetDependency;
			target = 22EE534B1FD588BA000A4DFD /* testapp */;
			targetProxy = 22EE53611FD588BA000A4DFD /* PBXContainerItemProxy */;
		};
		22EE536D1FD588BA000A4DFD /* PBXTargetDependency */ = {
			isa = PBXTargetDependency;
			target = 22EE534B1FD588BA000A4DFD /* testapp */;
			targetProxy = 22EE536C1FD588BA000A4DFD /* PBXContainerItemProxy */;
		};
/* End PBXTargetDependency section */

/* Begin PBXVariantGroup section */
		22EE53531FD588BA000A4DFD /* Main.storyboard */ = {
			isa = PBXVariantGroup;
			children = (
				22EE53541FD588BA000A4DFD /* Base */,
			);
			name = Main.storyboard;
			sourceTree = "<group>";
		};
		22EE53581FD588BA000A4DFD /* LaunchScreen.storyboard */ = {
			isa = PBXVariantGroup;
			children = (
				22EE53591FD588BA000A4DFD /* Base */,
			);
			name = LaunchScreen.storyboard;
			sourceTree = "<group>";
		};
/* End PBXVariantGroup section */

/* Begin XCBuildConfiguration section */
		22EE53721FD588BA000A4DFD /* Debug */ = {
			isa = XCBuildConfiguration;
			buildSettings = {
				ALWAYS_SEARCH_USER_PATHS = NO;
				CLANG_ANALYZER_NONNULL = YES;
				CLANG_ANALYZER_NUMBER_OBJECT_CONVERSION = YES_AGGRESSIVE;
				CLANG_CXX_LANGUAGE_STANDARD = "gnu++14";
				CLANG_CXX_LIBRARY = "libc++";
				CLANG_ENABLE_MODULES = YES;
				CLANG_ENABLE_OBJC_ARC = YES;
				CLANG_WARN_BLOCK_CAPTURE_AUTORELEASING = YES;
				CLANG_WARN_BOOL_CONVERSION = YES;
				CLANG_WARN_COMMA = YES;
				CLANG_WARN_CONSTANT_CONVERSION = YES;
				CLANG_WARN_DIRECT_OBJC_ISA_USAGE = YES_ERROR;
				CLANG_WARN_DOCUMENTATION_COMMENTS = YES;
				CLANG_WARN_EMPTY_BODY = YES;
				CLANG_WARN_ENUM_CONVERSION = YES;
				CLANG_WARN_INFINITE_RECURSION = YES;
				CLANG_WARN_INT_CONVERSION = YES;
				CLANG_WARN_NON_LITERAL_NULL_CONVERSION = YES;
				CLANG_WARN_OBJC_LITERAL_CONVERSION = YES;
				CLANG_WARN_OBJC_ROOT_CLASS = YES_ERROR;
				CLANG_WARN_RANGE_LOOP_ANALYSIS = YES;
				CLANG_WARN_STRICT_PROTOTYPES = YES;
				CLANG_WARN_SUSPICIOUS_MOVE = YES;
				CLANG_WARN_UNGUARDED_AVAILABILITY = YES_AGGRESSIVE;
				CLANG_WARN_UNREACHABLE_CODE = YES;
				CLANG_WARN__DUPLICATE_METHOD_MATCH = YES;
				CODE_SIGN_IDENTITY = "iPhone Developer";
				COPY_PHASE_STRIP = NO;
				DEBUG_INFORMATION_FORMAT = dwarf;
				ENABLE_STRICT_OBJC_MSGSEND = YES;
				ENABLE_TESTABILITY = YES;
				GCC_C_LANGUAGE_STANDARD = gnu11;
				GCC_DYNAMIC_NO_PIC = NO;
				GCC_NO_COMMON_BLOCKS = YES;
				GCC_OPTIMIZATION_LEVEL = 0;
				GCC_PREPROCESSOR_DEFINITIONS = (
					"DEBUG=1",
					"$(inherited)",
				);
				GCC_WARN_64_TO_32_BIT_CONVERSION = YES;
				GCC_WARN_ABOUT_RETURN_TYPE = YES_ERROR;
				GCC_WARN_UNDECLARED_SELECTOR = YES;
				GCC_WARN_UNINITIALIZED_AUTOS = YES_AGGRESSIVE;
				GCC_WARN_UNUSED_FUNCTION = YES;
				GCC_WARN_UNUSED_VARIABLE = YES;
				IPHONEOS_DEPLOYMENT_TARGET = 11.1;
				MTL_ENABLE_DEBUG_INFO = YES;
				ONLY_ACTIVE_ARCH = YES;
				SDKROOT = iphoneos;
				SWIFT_ACTIVE_COMPILATION_CONDITIONS = DEBUG;
				SWIFT_OPTIMIZATION_LEVEL = "-Onone";
			};
			name = Debug;
		};
		22EE53731FD588BA000A4DFD /* Release */ = {
			isa = XCBuildConfiguration;
			buildSettings = {
				ALWAYS_SEARCH_USER_PATHS = NO;
				CLANG_ANALYZER_NONNULL = YES;
				CLANG_ANALYZER_NUMBER_OBJECT_CONVERSION = YES_AGGRESSIVE;
				CLANG_CXX_LANGUAGE_STANDARD = "gnu++14";
				CLANG_CXX_LIBRARY = "libc++";
				CLANG_ENABLE_MODULES = YES;
				CLANG_ENABLE_OBJC_ARC = YES;
				CLANG_WARN_BLOCK_CAPTURE_AUTORELEASING = YES;
				CLANG_WARN_BOOL_CONVERSION = YES;
				CLANG_WARN_COMMA = YES;
				CLANG_WARN_CONSTANT_CONVERSION = YES;
				CLANG_WARN_DIRECT_OBJC_ISA_USAGE = YES_ERROR;
				CLANG_WARN_DOCUMENTATION_COMMENTS = YES;
				CLANG_WARN_EMPTY_BODY = YES;
				CLANG_WARN_ENUM_CONVERSION = YES;
				CLANG_WARN_INFINITE_RECURSION = YES;
				CLANG_WARN_INT_CONVERSION = YES;
				CLANG_WARN_NON_LITERAL_NULL_CONVERSION = YES;
				CLANG_WARN_OBJC_LITERAL_CONVERSION = YES;
				CLANG_WARN_OBJC_ROOT_CLASS = YES_ERROR;
				CLANG_WARN_RANGE_LOOP_ANALYSIS = YES;
				CLANG_WARN_STRICT_PROTOTYPES = YES;
				CLANG_WARN_SUSPICIOUS_MOVE = YES;
				CLANG_WARN_UNGUARDED_AVAILABILITY = YES_AGGRESSIVE;
				CLANG_WARN_UNREACHABLE_CODE = YES;
				CLANG_WARN__DUPLICATE_METHOD_MATCH = YES;
				CODE_SIGN_IDENTITY = "iPhone Developer";
				COPY_PHASE_STRIP = NO;
				DEBUG_INFORMATION_FORMAT = "dwarf-with-dsym";
				ENABLE_NS_ASSERTIONS = NO;
				ENABLE_STRICT_OBJC_MSGSEND = YES;
				GCC_C_LANGUAGE_STANDARD = gnu11;
				GCC_NO_COMMON_BLOCKS = YES;
				GCC_WARN_64_TO_32_BIT_CONVERSION = YES;
				GCC_WARN_ABOUT_RETURN_TYPE = YES_ERROR;
				GCC_WARN_UNDECLARED_SELECTOR = YES;
				GCC_WARN_UNINITIALIZED_AUTOS = YES_AGGRESSIVE;
				GCC_WARN_UNUSED_FUNCTION = YES;
				GCC_WARN_UNUSED_VARIABLE = YES;
				IPHONEOS_DEPLOYMENT_TARGET = 11.1;
				MTL_ENABLE_DEBUG_INFO = NO;
				SDKROOT = iphoneos;
				SWIFT_OPTIMIZATION_LEVEL = "-Owholemodule";
				VALIDATE_PRODUCT = YES;
			};
			name = Release;
		};
		22EE53751FD588BA000A4DFD /* Debug */ = {
			isa = XCBuildConfiguration;
			buildSettings = {
				ASSETCATALOG_COMPILER_APPICON_NAME = AppIcon;
				CODE_SIGN_STYLE = Automatic;
				INFOPLIST_FILE = testapp/Info.plist;
				LD_RUNPATH_SEARCH_PATHS = "$(inherited) @executable_path/Frameworks";
				PRODUCT_BUNDLE_IDENTIFIER = it.spierings.testapp;
				PRODUCT_NAME = "$(TARGET_NAME)";
				SWIFT_VERSION = 4.0;
				TARGETED_DEVICE_FAMILY = "1,2";
			};
			name = Debug;
		};
		22EE53761FD588BA000A4DFD /* Release */ = {
			isa = XCBuildConfiguration;
			buildSettings = {
				ASSETCATALOG_COMPILER_APPICON_NAME = AppIcon;
				CODE_SIGN_STYLE = Automatic;
				INFOPLIST_FILE = testapp/Info.plist;
				LD_RUNPATH_SEARCH_PATHS = "$(inherited) @executable_path/Frameworks";
				PRODUCT_BUNDLE_IDENTIFIER = it.spierings.testapp;
				PRODUCT_NAME = "$(TARGET_NAME)";
				SWIFT_VERSION = 4.0;
				TARGETED_DEVICE_FAMILY = "1,2";
			};
			name = Release;
		};
		22EE53781FD588BA000A4DFD /* Debug */ = {
			isa = XCBuildConfiguration;
			buildSettings = {
				ALWAYS_EMBED_SWIFT_STANDARD_LIBRARIES = YES;
				BUNDLE_LOADER = "$(TEST_HOST)";
				CODE_SIGN_STYLE = Automatic;
				INFOPLIST_FILE = testappTests/Info.plist;
				LD_RUNPATH_SEARCH_PATHS = "$(inherited) @executable_path/Frameworks @loader_path/Frameworks";
				PRODUCT_BUNDLE_IDENTIFIER = it.spierings.testappTests;
				PRODUCT_NAME = "$(TARGET_NAME)";
				SWIFT_VERSION = 4.0;
				TARGETED_DEVICE_FAMILY = "1,2";
				TEST_HOST = "$(BUILT_PRODUCTS_DIR)/testapp.app/testapp";
			};
			name = Debug;
		};
		22EE53791FD588BA000A4DFD /* Release */ = {
			isa = XCBuildConfiguration;
			buildSettings = {
				ALWAYS_EMBED_SWIFT_STANDARD_LIBRARIES = YES;
				BUNDLE_LOADER = "$(TEST_HOST)";
				CODE_SIGN_STYLE = Automatic;
				INFOPLIST_FILE = testappTests/Info.plist;
				LD_RUNPATH_SEARCH_PATHS = "$(inherited) @executable_path/Frameworks @loader_path/Frameworks";
				PRODUCT_BUNDLE_IDENTIFIER = it.spierings.testappTests;
				PRODUCT_NAME = "$(TARGET_NAME)";
				SWIFT_VERSION = 4.0;
				TARGETED_DEVICE_FAMILY = "1,2";
				TEST_HOST = "$(BUILT_PRODUCTS_DIR)/testapp.app/testapp";
			};
			name = Release;
		};
		22EE537B1FD588BA000A4DFD /* Debug */ = {
			isa = XCBuildConfiguration;
			buildSettings = {
				ALWAYS_EMBED_SWIFT_STANDARD_LIBRARIES = YES;
				CODE_SIGN_STYLE = Automatic;
				INFOPLIST_FILE = testappUITests/Info.plist;
				LD_RUNPATH_SEARCH_PATHS = "$(inherited) @executable_path/Frameworks @loader_path/Frameworks";
				PRODUCT_BUNDLE_IDENTIFIER = it.spierings.testappUITests;
				PRODUCT_NAME = "$(TARGET_NAME)";
				SWIFT_VERSION = 4.0;
				TARGETED_DEVICE_FAMILY = "1,2";
				TEST_TARGET_NAME = testapp;
			};
			name = Debug;
		};
		22EE537C1FD588BA000A4DFD /* Release */ = {
			isa = XCBuildConfiguration;
			buildSettings = {
				ALWAYS_EMBED_SWIFT_STANDARD_LIBRARIES = YES;
				CODE_SIGN_STYLE = Automatic;
				INFOPLIST_FILE = testappUITests/Info.plist;
				LD_RUNPATH_SEARCH_PATHS = "$(inherited) @executable_path/Frameworks @loader_path/Frameworks";
				PRODUCT_BUNDLE_IDENTIFIER = it.spierings.testappUITests;
				PRODUCT_NAME = "$(TARGET_NAME)";
				SWIFT_VERSION = 4.0;
				TARGETED_DEVICE_FAMILY = "1,2";
				TEST_TARGET_NAME = testapp;
			};
			name = Release;
		};
/* End XCBuildConfiguration section */

/* Begin XCConfigurationList section */
		22EE53471FD588BA000A4DFD /* Build configuration list for PBXProject "testapp" */ = {
			isa = XCConfigurationList;
			buildConfigurations = (
				22EE53721FD588BA000A4DFD /* Debug */,
				22EE53731FD588BA000A4DFD /* Release */,
			);
			defaultConfigurationIsVisible = 0;
			defaultConfigurationName = Release;
		};
		22EE53741FD588BA000A4DFD /* Build configuration list for PBXNativeTarget "testapp" */ = {
			isa = XCConfigurationList;
			buildConfigurations = (
				22EE53751FD588BA000A4DFD /* Debug */,
				22EE53761FD588BA000A4DFD /* Release */,
			);
			defaultConfigurationIsVisible = 0;
			defaultConfigurationName = Release;
		};
		22EE53771FD588BA000A4DFD /* Build configuration list for PBXNativeTarget "testappTests" */ = {
			isa = XCConfigurationList;
			buildConfigurations = (
				22EE53781FD588BA000A4DFD /* Debug */,
				22EE53791FD588BA000A4DFD /* Release */,
			);
			defaultConfigurationIsVisible = 0;
			defaultConfigurationName = Release;
		};
		22EE537A1FD588BA000A4DFD /* Build configuration list for PBXNativeTarget "testappUITests" */ = {
			isa = XCConfigurationList;
			buildConfigurations = (
				22EE537B1FD588BA000A4DFD /* Debug */,
				22EE537C1FD588BA000A4DFD /* Release */,
			);
			defaultConfigurationIsVisible = 0;
			defaultConfigurationName = Release;
		};
/* End XCConfigurationList section */
	};
	rootObject = 22EE53441FD588BA000A4DFD /* Project object */;
}
